// !$*UTF8*$!
{
	archiveVersion = 1;
	classes = {
	};
	objectVersion = 48;
	objects = {

/* Begin PBXBuildFile section */
		094C6234E52FB399B68BC920 /* Pods_UserSampleApp.framework in Frameworks */ = {isa = PBXBuildFile; fileRef = E0FF72314D193B286C4FE5D2 /* Pods_UserSampleApp.framework */; };
		274B5AAB209B224500EFFBFD /* WorkSans-Medium.ttf in Resources */ = {isa = PBXBuildFile; fileRef = 274B5AA7209B224400EFFBFD /* WorkSans-Medium.ttf */; };
		274B5AAC209B224500EFFBFD /* WorkSans-SemiBold.ttf in Resources */ = {isa = PBXBuildFile; fileRef = 274B5AA8209B224500EFFBFD /* WorkSans-SemiBold.ttf */; };
		274B5AAD209B224500EFFBFD /* WorkSans-Regular.ttf in Resources */ = {isa = PBXBuildFile; fileRef = 274B5AA9209B224500EFFBFD /* WorkSans-Regular.ttf */; };
		274B5AAE209B224500EFFBFD /* WorkSans-Bold.ttf in Resources */ = {isa = PBXBuildFile; fileRef = 274B5AAA209B224500EFFBFD /* WorkSans-Bold.ttf */; };
		274B5ABC20A0559800EFFBFD /* LocationPermissionViewController.swift in Sources */ = {isa = PBXBuildFile; fileRef = 274B5ABA20A0559800EFFBFD /* LocationPermissionViewController.swift */; };
		274B5ABD20A0559800EFFBFD /* LocationPermissionViewController.xib in Resources */ = {isa = PBXBuildFile; fileRef = 274B5ABB20A0559800EFFBFD /* LocationPermissionViewController.xib */; };
		2770D3972095D1C7000517C1 /* DriverDetailView.swift in Sources */ = {isa = PBXBuildFile; fileRef = 2770D3962095D1C7000517C1 /* DriverDetailView.swift */; };
		2770D3992095D1EF000517C1 /* DriverDetailView.xib in Resources */ = {isa = PBXBuildFile; fileRef = 2770D3982095D1EF000517C1 /* DriverDetailView.xib */; };
		2770D39C2095DC23000517C1 /* TripSummaryView.swift in Sources */ = {isa = PBXBuildFile; fileRef = 2770D39A2095DC23000517C1 /* TripSummaryView.swift */; };
		2770D39D2095DC23000517C1 /* TripSummaryView.xib in Resources */ = {isa = PBXBuildFile; fileRef = 2770D39B2095DC23000517C1 /* TripSummaryView.xib */; };
		277B6EEF2089EA8400CFB428 /* AppDelegate.swift in Sources */ = {isa = PBXBuildFile; fileRef = 277B6EEE2089EA8400CFB428 /* AppDelegate.swift */; };
		277B6EF12089EA8400CFB428 /* ViewController.swift in Sources */ = {isa = PBXBuildFile; fileRef = 277B6EF02089EA8400CFB428 /* ViewController.swift */; };
		277B6EF42089EA8400CFB428 /* Main.storyboard in Resources */ = {isa = PBXBuildFile; fileRef = 277B6EF22089EA8400CFB428 /* Main.storyboard */; };
		277B6EF62089EA8400CFB428 /* Assets.xcassets in Resources */ = {isa = PBXBuildFile; fileRef = 277B6EF52089EA8400CFB428 /* Assets.xcassets */; };
		277B6EF92089EA8400CFB428 /* LaunchScreen.storyboard in Resources */ = {isa = PBXBuildFile; fileRef = 277B6EF72089EA8400CFB428 /* LaunchScreen.storyboard */; };
		277B6F042089EA8400CFB428 /* UserSampleAppTests.swift in Sources */ = {isa = PBXBuildFile; fileRef = 277B6F032089EA8400CFB428 /* UserSampleAppTests.swift */; };
		277B6F0F2089EA8400CFB428 /* UserSampleAppUITests.swift in Sources */ = {isa = PBXBuildFile; fileRef = 277B6F0E2089EA8400CFB428 /* UserSampleAppUITests.swift */; };
		277B6F1E2089EBEE00CFB428 /* Login.storyboard in Resources */ = {isa = PBXBuildFile; fileRef = 277B6F1C2089EBEE00CFB428 /* Login.storyboard */; };
		277B6F212089EC2200CFB428 /* LoginViewController.swift in Sources */ = {isa = PBXBuildFile; fileRef = 277B6F202089EC2200CFB428 /* LoginViewController.swift */; };
		277B6F242089ECB000CFB428 /* File.swift in Sources */ = {isa = PBXBuildFile; fileRef = 277B6F232089ECB000CFB428 /* File.swift */; };
		277B6F282089ECDB00CFB428 /* HomeViewController.swift in Sources */ = {isa = PBXBuildFile; fileRef = 277B6F262089ECDB00CFB428 /* HomeViewController.swift */; };
		277B6F292089ECDB00CFB428 /* HomeViewController.xib in Resources */ = {isa = PBXBuildFile; fileRef = 277B6F272089ECDB00CFB428 /* HomeViewController.xib */; };
		277B6F2E2089F96600CFB428 /* User.swift in Sources */ = {isa = PBXBuildFile; fileRef = 277B6F2D2089F96600CFB428 /* User.swift */; };
		277B6F322089FCE600CFB428 /* DataService.swift in Sources */ = {isa = PBXBuildFile; fileRef = 277B6F312089FCE600CFB428 /* DataService.swift */; };
		277B6F352089FE4C00CFB428 /* ErrorHandler.swift in Sources */ = {isa = PBXBuildFile; fileRef = 277B6F342089FE4C00CFB428 /* ErrorHandler.swift */; };
		277B6F39208D9D3B00CFB428 /* BookTripUseCase.swift in Sources */ = {isa = PBXBuildFile; fileRef = 277B6F38208D9D3B00CFB428 /* BookTripUseCase.swift */; };
		277B6F3B208D9E0200CFB428 /* Trip.swift in Sources */ = {isa = PBXBuildFile; fileRef = 277B6F3A208D9E0200CFB428 /* Trip.swift */; };
		277B6F3D208D9EA600CFB428 /* BookTripBottomView.xib in Resources */ = {isa = PBXBuildFile; fileRef = 277B6F3C208D9EA600CFB428 /* BookTripBottomView.xib */; };
		277B6F41208D9EE500CFB428 /* BookTripBottomView.swift in Sources */ = {isa = PBXBuildFile; fileRef = 277B6F40208D9EE500CFB428 /* BookTripBottomView.swift */; };
		277B6F44208F0A4300CFB428 /* TripTrackingUseCaseHandler.swift in Sources */ = {isa = PBXBuildFile; fileRef = 277B6F43208F0A4300CFB428 /* TripTrackingUseCaseHandler.swift */; };
		27A87ABE209743A3002CA79C /* UserDetailsViewController.swift in Sources */ = {isa = PBXBuildFile; fileRef = 27A87ABD209743A3002CA79C /* UserDetailsViewController.swift */; };
		27A87AC220986F7F002CA79C /* TripHelper.swift in Sources */ = {isa = PBXBuildFile; fileRef = 27A87AC120986F7F002CA79C /* TripHelper.swift */; };
		27A87AC420987FDC002CA79C /* HomeViewController+HTExtension.swift in Sources */ = {isa = PBXBuildFile; fileRef = 27A87AC320987FDC002CA79C /* HomeViewController+HTExtension.swift */; };
/* End PBXBuildFile section */

/* Begin PBXContainerItemProxy section */
		277B6F002089EA8400CFB428 /* PBXContainerItemProxy */ = {
			isa = PBXContainerItemProxy;
			containerPortal = 277B6EE32089EA8400CFB428 /* Project object */;
			proxyType = 1;
			remoteGlobalIDString = 277B6EEA2089EA8400CFB428;
			remoteInfo = UserSampleApp;
		};
		277B6F0B2089EA8400CFB428 /* PBXContainerItemProxy */ = {
			isa = PBXContainerItemProxy;
			containerPortal = 277B6EE32089EA8400CFB428 /* Project object */;
			proxyType = 1;
			remoteGlobalIDString = 277B6EEA2089EA8400CFB428;
			remoteInfo = UserSampleApp;
		};
/* End PBXContainerItemProxy section */

/* Begin PBXFileReference section */
		09913CB9BE8B9C51ADD3FD90 /* Pods-UserSampleApp.debug.xcconfig */ = {isa = PBXFileReference; includeInIndex = 1; lastKnownFileType = text.xcconfig; name = "Pods-UserSampleApp.debug.xcconfig"; path = "../Pods/Target Support Files/Pods-UserSampleApp/Pods-UserSampleApp.debug.xcconfig"; sourceTree = "<group>"; };
		274B5AA7209B224400EFFBFD /* WorkSans-Medium.ttf */ = {isa = PBXFileReference; lastKnownFileType = file; path = "WorkSans-Medium.ttf"; sourceTree = "<group>"; };
		274B5AA8209B224500EFFBFD /* WorkSans-SemiBold.ttf */ = {isa = PBXFileReference; lastKnownFileType = file; path = "WorkSans-SemiBold.ttf"; sourceTree = "<group>"; };
		274B5AA9209B224500EFFBFD /* WorkSans-Regular.ttf */ = {isa = PBXFileReference; lastKnownFileType = file; path = "WorkSans-Regular.ttf"; sourceTree = "<group>"; };
		274B5AAA209B224500EFFBFD /* WorkSans-Bold.ttf */ = {isa = PBXFileReference; lastKnownFileType = file; path = "WorkSans-Bold.ttf"; sourceTree = "<group>"; };
		274B5ABA20A0559800EFFBFD /* LocationPermissionViewController.swift */ = {isa = PBXFileReference; lastKnownFileType = sourcecode.swift; path = LocationPermissionViewController.swift; sourceTree = "<group>"; };
		274B5ABB20A0559800EFFBFD /* LocationPermissionViewController.xib */ = {isa = PBXFileReference; lastKnownFileType = file.xib; path = LocationPermissionViewController.xib; sourceTree = "<group>"; };
		2770D3962095D1C7000517C1 /* DriverDetailView.swift */ = {isa = PBXFileReference; lastKnownFileType = sourcecode.swift; path = DriverDetailView.swift; sourceTree = "<group>"; };
		2770D3982095D1EF000517C1 /* DriverDetailView.xib */ = {isa = PBXFileReference; lastKnownFileType = file.xib; path = DriverDetailView.xib; sourceTree = "<group>"; };
		2770D39A2095DC23000517C1 /* TripSummaryView.swift */ = {isa = PBXFileReference; fileEncoding = 4; lastKnownFileType = sourcecode.swift; path = TripSummaryView.swift; sourceTree = "<group>"; };
		2770D39B2095DC23000517C1 /* TripSummaryView.xib */ = {isa = PBXFileReference; fileEncoding = 4; lastKnownFileType = file.xib; path = TripSummaryView.xib; sourceTree = "<group>"; };
		277B6EEB2089EA8400CFB428 /* UserSampleApp.app */ = {isa = PBXFileReference; explicitFileType = wrapper.application; includeInIndex = 0; path = UserSampleApp.app; sourceTree = BUILT_PRODUCTS_DIR; };
		277B6EEE2089EA8400CFB428 /* AppDelegate.swift */ = {isa = PBXFileReference; lastKnownFileType = sourcecode.swift; path = AppDelegate.swift; sourceTree = "<group>"; };
		277B6EF02089EA8400CFB428 /* ViewController.swift */ = {isa = PBXFileReference; lastKnownFileType = sourcecode.swift; path = ViewController.swift; sourceTree = "<group>"; };
		277B6EF32089EA8400CFB428 /* Base */ = {isa = PBXFileReference; lastKnownFileType = file.storyboard; name = Base; path = Base.lproj/Main.storyboard; sourceTree = "<group>"; };
		277B6EF52089EA8400CFB428 /* Assets.xcassets */ = {isa = PBXFileReference; lastKnownFileType = folder.assetcatalog; path = Assets.xcassets; sourceTree = "<group>"; };
		277B6EF82089EA8400CFB428 /* Base */ = {isa = PBXFileReference; lastKnownFileType = file.storyboard; name = Base; path = Base.lproj/LaunchScreen.storyboard; sourceTree = "<group>"; };
		277B6EFA2089EA8400CFB428 /* Info.plist */ = {isa = PBXFileReference; lastKnownFileType = text.plist.xml; path = Info.plist; sourceTree = "<group>"; };
		277B6EFF2089EA8400CFB428 /* UserSampleAppTests.xctest */ = {isa = PBXFileReference; explicitFileType = wrapper.cfbundle; includeInIndex = 0; path = UserSampleAppTests.xctest; sourceTree = BUILT_PRODUCTS_DIR; };
		277B6F032089EA8400CFB428 /* UserSampleAppTests.swift */ = {isa = PBXFileReference; lastKnownFileType = sourcecode.swift; path = UserSampleAppTests.swift; sourceTree = "<group>"; };
		277B6F052089EA8400CFB428 /* Info.plist */ = {isa = PBXFileReference; lastKnownFileType = text.plist.xml; path = Info.plist; sourceTree = "<group>"; };
		277B6F0A2089EA8400CFB428 /* UserSampleAppUITests.xctest */ = {isa = PBXFileReference; explicitFileType = wrapper.cfbundle; includeInIndex = 0; path = UserSampleAppUITests.xctest; sourceTree = BUILT_PRODUCTS_DIR; };
		277B6F0E2089EA8400CFB428 /* UserSampleAppUITests.swift */ = {isa = PBXFileReference; lastKnownFileType = sourcecode.swift; path = UserSampleAppUITests.swift; sourceTree = "<group>"; };
		277B6F102089EA8400CFB428 /* Info.plist */ = {isa = PBXFileReference; lastKnownFileType = text.plist.xml; path = Info.plist; sourceTree = "<group>"; };
		277B6F1D2089EBEE00CFB428 /* Base */ = {isa = PBXFileReference; lastKnownFileType = file.storyboard; name = Base; path = Base.lproj/Login.storyboard; sourceTree = "<group>"; };
		277B6F202089EC2200CFB428 /* LoginViewController.swift */ = {isa = PBXFileReference; lastKnownFileType = sourcecode.swift; path = LoginViewController.swift; sourceTree = "<group>"; };
		277B6F232089ECB000CFB428 /* File.swift */ = {isa = PBXFileReference; lastKnownFileType = sourcecode.swift; path = File.swift; sourceTree = "<group>"; };
		277B6F262089ECDB00CFB428 /* HomeViewController.swift */ = {isa = PBXFileReference; lastKnownFileType = sourcecode.swift; path = HomeViewController.swift; sourceTree = "<group>"; };
		277B6F272089ECDB00CFB428 /* HomeViewController.xib */ = {isa = PBXFileReference; lastKnownFileType = file.xib; path = HomeViewController.xib; sourceTree = "<group>"; };
		277B6F2D2089F96600CFB428 /* User.swift */ = {isa = PBXFileReference; lastKnownFileType = sourcecode.swift; path = User.swift; sourceTree = "<group>"; };
		277B6F2F2089FBF600CFB428 /* UserSampleApp.entitlements */ = {isa = PBXFileReference; lastKnownFileType = text.plist.entitlements; path = UserSampleApp.entitlements; sourceTree = "<group>"; };
		277B6F312089FCE600CFB428 /* DataService.swift */ = {isa = PBXFileReference; lastKnownFileType = sourcecode.swift; path = DataService.swift; sourceTree = "<group>"; };
		277B6F342089FE4C00CFB428 /* ErrorHandler.swift */ = {isa = PBXFileReference; lastKnownFileType = sourcecode.swift; path = ErrorHandler.swift; sourceTree = "<group>"; };
		277B6F38208D9D3B00CFB428 /* BookTripUseCase.swift */ = {isa = PBXFileReference; lastKnownFileType = sourcecode.swift; path = BookTripUseCase.swift; sourceTree = "<group>"; };
		277B6F3A208D9E0200CFB428 /* Trip.swift */ = {isa = PBXFileReference; lastKnownFileType = sourcecode.swift; path = Trip.swift; sourceTree = "<group>"; };
		277B6F3C208D9EA600CFB428 /* BookTripBottomView.xib */ = {isa = PBXFileReference; lastKnownFileType = file.xib; path = BookTripBottomView.xib; sourceTree = "<group>"; };
		277B6F40208D9EE500CFB428 /* BookTripBottomView.swift */ = {isa = PBXFileReference; lastKnownFileType = sourcecode.swift; path = BookTripBottomView.swift; sourceTree = "<group>"; };
		277B6F43208F0A4300CFB428 /* TripTrackingUseCaseHandler.swift */ = {isa = PBXFileReference; lastKnownFileType = sourcecode.swift; path = TripTrackingUseCaseHandler.swift; sourceTree = "<group>"; };
		27A87ABD209743A3002CA79C /* UserDetailsViewController.swift */ = {isa = PBXFileReference; lastKnownFileType = sourcecode.swift; path = UserDetailsViewController.swift; sourceTree = "<group>"; };
		27A87AC120986F7F002CA79C /* TripHelper.swift */ = {isa = PBXFileReference; lastKnownFileType = sourcecode.swift; path = TripHelper.swift; sourceTree = "<group>"; };
		27A87AC320987FDC002CA79C /* HomeViewController+HTExtension.swift */ = {isa = PBXFileReference; lastKnownFileType = sourcecode.swift; path = "HomeViewController+HTExtension.swift"; sourceTree = "<group>"; };
		BC961FC12F94C76770F29B29 /* Pods-UserSampleApp.release.xcconfig */ = {isa = PBXFileReference; includeInIndex = 1; lastKnownFileType = text.xcconfig; name = "Pods-UserSampleApp.release.xcconfig"; path = "../Pods/Target Support Files/Pods-UserSampleApp/Pods-UserSampleApp.release.xcconfig"; sourceTree = "<group>"; };
		E0FF72314D193B286C4FE5D2 /* Pods_UserSampleApp.framework */ = {isa = PBXFileReference; explicitFileType = wrapper.framework; includeInIndex = 0; path = Pods_UserSampleApp.framework; sourceTree = BUILT_PRODUCTS_DIR; };
/* End PBXFileReference section */

/* Begin PBXFrameworksBuildPhase section */
		277B6EE82089EA8400CFB428 /* Frameworks */ = {
			isa = PBXFrameworksBuildPhase;
			buildActionMask = 2147483647;
			files = (
				094C6234E52FB399B68BC920 /* Pods_UserSampleApp.framework in Frameworks */,
			);
			runOnlyForDeploymentPostprocessing = 0;
		};
		277B6EFC2089EA8400CFB428 /* Frameworks */ = {
			isa = PBXFrameworksBuildPhase;
			buildActionMask = 2147483647;
			files = (
			);
			runOnlyForDeploymentPostprocessing = 0;
		};
		277B6F072089EA8400CFB428 /* Frameworks */ = {
			isa = PBXFrameworksBuildPhase;
			buildActionMask = 2147483647;
			files = (
			);
			runOnlyForDeploymentPostprocessing = 0;
		};
/* End PBXFrameworksBuildPhase section */

/* Begin PBXGroup section */
		274B5AA5209B221A00EFFBFD /* Resources */ = {
			isa = PBXGroup;
			children = (
				274B5AA6209B222600EFFBFD /* Fonts */,
			);
			path = Resources;
			sourceTree = "<group>";
		};
		274B5AA6209B222600EFFBFD /* Fonts */ = {
			isa = PBXGroup;
			children = (
				274B5AAA209B224500EFFBFD /* WorkSans-Bold.ttf */,
				274B5AA7209B224400EFFBFD /* WorkSans-Medium.ttf */,
				274B5AA9209B224500EFFBFD /* WorkSans-Regular.ttf */,
				274B5AA8209B224500EFFBFD /* WorkSans-SemiBold.ttf */,
			);
			path = Fonts;
			sourceTree = "<group>";
		};
		274B5AB920A0557F00EFFBFD /* LocationPermission */ = {
			isa = PBXGroup;
			children = (
				274B5ABA20A0559800EFFBFD /* LocationPermissionViewController.swift */,
				274B5ABB20A0559800EFFBFD /* LocationPermissionViewController.xib */,
			);
			path = LocationPermission;
			sourceTree = "<group>";
		};
		277B6EE22089EA8400CFB428 = {
			isa = PBXGroup;
			children = (
				277B6EED2089EA8400CFB428 /* UserSampleApp */,
				277B6F022089EA8400CFB428 /* UserSampleAppTests */,
				277B6F0D2089EA8400CFB428 /* UserSampleAppUITests */,
				277B6EEC2089EA8400CFB428 /* Products */,
				D211EA3E3AB3085B13269DDC /* Pods */,
				E36ADD3B854D37A5B084B513 /* Frameworks */,
			);
			sourceTree = "<group>";
		};
		277B6EEC2089EA8400CFB428 /* Products */ = {
			isa = PBXGroup;
			children = (
				277B6EEB2089EA8400CFB428 /* UserSampleApp.app */,
				277B6EFF2089EA8400CFB428 /* UserSampleAppTests.xctest */,
				277B6F0A2089EA8400CFB428 /* UserSampleAppUITests.xctest */,
			);
			name = Products;
			sourceTree = "<group>";
		};
		277B6EED2089EA8400CFB428 /* UserSampleApp */ = {
			isa = PBXGroup;
			children = (
				274B5AB920A0557F00EFFBFD /* LocationPermission */,
				274B5AA5209B221A00EFFBFD /* Resources */,
				277B6F2F2089FBF600CFB428 /* UserSampleApp.entitlements */,
				277B6F332089FE3900CFB428 /* Extensions */,
				277B6F302089FCBC00CFB428 /* DataService */,
				277B6F2C2089F95600CFB428 /* Model */,
				277B6F252089ECC300CFB428 /* Home */,
				277B6F36208D9D0500CFB428 /* UseCases */,
				277B6F222089EC9E00CFB428 /* Router */,
				277B6F1F2089EC1100CFB428 /* Login */,
				277B6EEE2089EA8400CFB428 /* AppDelegate.swift */,
				277B6EF02089EA8400CFB428 /* ViewController.swift */,
				277B6EF22089EA8400CFB428 /* Main.storyboard */,
				277B6EF52089EA8400CFB428 /* Assets.xcassets */,
				277B6F1C2089EBEE00CFB428 /* Login.storyboard */,
				277B6EF72089EA8400CFB428 /* LaunchScreen.storyboard */,
				277B6EFA2089EA8400CFB428 /* Info.plist */,
			);
			path = UserSampleApp;
			sourceTree = "<group>";
		};
		277B6F022089EA8400CFB428 /* UserSampleAppTests */ = {
			isa = PBXGroup;
			children = (
				277B6F032089EA8400CFB428 /* UserSampleAppTests.swift */,
				277B6F052089EA8400CFB428 /* Info.plist */,
			);
			path = UserSampleAppTests;
			sourceTree = "<group>";
		};
		277B6F0D2089EA8400CFB428 /* UserSampleAppUITests */ = {
			isa = PBXGroup;
			children = (
				277B6F0E2089EA8400CFB428 /* UserSampleAppUITests.swift */,
				277B6F102089EA8400CFB428 /* Info.plist */,
			);
			path = UserSampleAppUITests;
			sourceTree = "<group>";
		};
		277B6F1F2089EC1100CFB428 /* Login */ = {
			isa = PBXGroup;
			children = (
				277B6F202089EC2200CFB428 /* LoginViewController.swift */,
				27A87ABD209743A3002CA79C /* UserDetailsViewController.swift */,
			);
			path = Login;
			sourceTree = "<group>";
		};
		277B6F222089EC9E00CFB428 /* Router */ = {
			isa = PBXGroup;
			children = (
				277B6F232089ECB000CFB428 /* File.swift */,
			);
			path = Router;
			sourceTree = "<group>";
		};
		277B6F252089ECC300CFB428 /* Home */ = {
			isa = PBXGroup;
			children = (
				277B6F262089ECDB00CFB428 /* HomeViewController.swift */,
				27A87AC320987FDC002CA79C /* HomeViewController+HTExtension.swift */,
				277B6F272089ECDB00CFB428 /* HomeViewController.xib */,
			);
			path = Home;
			sourceTree = "<group>";
		};
		277B6F2C2089F95600CFB428 /* Model */ = {
			isa = PBXGroup;
			children = (
				277B6F2D2089F96600CFB428 /* User.swift */,
				277B6F3A208D9E0200CFB428 /* Trip.swift */,
				27A87AC120986F7F002CA79C /* TripHelper.swift */,
			);
			path = Model;
			sourceTree = "<group>";
		};
		277B6F302089FCBC00CFB428 /* DataService */ = {
			isa = PBXGroup;
			children = (
				277B6F312089FCE600CFB428 /* DataService.swift */,
			);
			path = DataService;
			sourceTree = "<group>";
		};
		277B6F332089FE3900CFB428 /* Extensions */ = {
			isa = PBXGroup;
			children = (
				277B6F342089FE4C00CFB428 /* ErrorHandler.swift */,
			);
			path = Extensions;
			sourceTree = "<group>";
		};
		277B6F36208D9D0500CFB428 /* UseCases */ = {
			isa = PBXGroup;
			children = (
				277B6F42208F0A1E00CFB428 /* TripTracking */,
				277B6F37208D9D1300CFB428 /* BookRide */,
			);
			path = UseCases;
			sourceTree = "<group>";
		};
		277B6F37208D9D1300CFB428 /* BookRide */ = {
			isa = PBXGroup;
			children = (
				277B6F38208D9D3B00CFB428 /* BookTripUseCase.swift */,
				277B6F40208D9EE500CFB428 /* BookTripBottomView.swift */,
				277B6F3C208D9EA600CFB428 /* BookTripBottomView.xib */,
			);
			path = BookRide;
			sourceTree = "<group>";
		};
		277B6F42208F0A1E00CFB428 /* TripTracking */ = {
			isa = PBXGroup;
			children = (
				277B6F43208F0A4300CFB428 /* TripTrackingUseCaseHandler.swift */,
				2770D3962095D1C7000517C1 /* DriverDetailView.swift */,
				2770D3982095D1EF000517C1 /* DriverDetailView.xib */,
				2770D39A2095DC23000517C1 /* TripSummaryView.swift */,
				2770D39B2095DC23000517C1 /* TripSummaryView.xib */,
			);
			path = TripTracking;
			sourceTree = "<group>";
		};
		D211EA3E3AB3085B13269DDC /* Pods */ = {
			isa = PBXGroup;
			children = (
				09913CB9BE8B9C51ADD3FD90 /* Pods-UserSampleApp.debug.xcconfig */,
				BC961FC12F94C76770F29B29 /* Pods-UserSampleApp.release.xcconfig */,
			);
			name = Pods;
			sourceTree = "<group>";
		};
		E36ADD3B854D37A5B084B513 /* Frameworks */ = {
			isa = PBXGroup;
			children = (
				E0FF72314D193B286C4FE5D2 /* Pods_UserSampleApp.framework */,
			);
			name = Frameworks;
			sourceTree = "<group>";
		};
/* End PBXGroup section */

/* Begin PBXNativeTarget section */
		277B6EEA2089EA8400CFB428 /* UserSampleApp */ = {
			isa = PBXNativeTarget;
			buildConfigurationList = 277B6F132089EA8400CFB428 /* Build configuration list for PBXNativeTarget "UserSampleApp" */;
			buildPhases = (
				0038936BBEB5DE37B9447A23 /* [CP] Check Pods Manifest.lock */,
				277B6EE72089EA8400CFB428 /* Sources */,
				277B6EE82089EA8400CFB428 /* Frameworks */,
				277B6EE92089EA8400CFB428 /* Resources */,
				4ED4E33391BCDE40EFD1215C /* [CP] Embed Pods Frameworks */,
				C16171A94A1F31BFEFE34E7D /* [CP] Copy Pods Resources */,
			);
			buildRules = (
			);
			dependencies = (
			);
			name = UserSampleApp;
			productName = UserSampleApp;
			productReference = 277B6EEB2089EA8400CFB428 /* UserSampleApp.app */;
			productType = "com.apple.product-type.application";
		};
		277B6EFE2089EA8400CFB428 /* UserSampleAppTests */ = {
			isa = PBXNativeTarget;
			buildConfigurationList = 277B6F162089EA8400CFB428 /* Build configuration list for PBXNativeTarget "UserSampleAppTests" */;
			buildPhases = (
				277B6EFB2089EA8400CFB428 /* Sources */,
				277B6EFC2089EA8400CFB428 /* Frameworks */,
				277B6EFD2089EA8400CFB428 /* Resources */,
			);
			buildRules = (
			);
			dependencies = (
				277B6F012089EA8400CFB428 /* PBXTargetDependency */,
			);
			name = UserSampleAppTests;
			productName = UserSampleAppTests;
			productReference = 277B6EFF2089EA8400CFB428 /* UserSampleAppTests.xctest */;
			productType = "com.apple.product-type.bundle.unit-test";
		};
		277B6F092089EA8400CFB428 /* UserSampleAppUITests */ = {
			isa = PBXNativeTarget;
			buildConfigurationList = 277B6F192089EA8400CFB428 /* Build configuration list for PBXNativeTarget "UserSampleAppUITests" */;
			buildPhases = (
				277B6F062089EA8400CFB428 /* Sources */,
				277B6F072089EA8400CFB428 /* Frameworks */,
				277B6F082089EA8400CFB428 /* Resources */,
			);
			buildRules = (
			);
			dependencies = (
				277B6F0C2089EA8400CFB428 /* PBXTargetDependency */,
			);
			name = UserSampleAppUITests;
			productName = UserSampleAppUITests;
			productReference = 277B6F0A2089EA8400CFB428 /* UserSampleAppUITests.xctest */;
			productType = "com.apple.product-type.bundle.ui-testing";
		};
/* End PBXNativeTarget section */

/* Begin PBXProject section */
		277B6EE32089EA8400CFB428 /* Project object */ = {
			isa = PBXProject;
			attributes = {
				LastSwiftUpdateCheck = 0920;
				LastUpgradeCheck = 1010;
				ORGANIZATIONNAME = "Ashish Asawa";
				TargetAttributes = {
					277B6EEA2089EA8400CFB428 = {
						CreatedOnToolsVersion = 9.2;
						ProvisioningStyle = Automatic;
						SystemCapabilities = {
							com.apple.BackgroundModes = {
								enabled = 1;
							};
							com.apple.Push = {
								enabled = 1;
							};
						};
					};
					277B6EFE2089EA8400CFB428 = {
						CreatedOnToolsVersion = 9.2;
						ProvisioningStyle = Automatic;
						TestTargetID = 277B6EEA2089EA8400CFB428;
					};
					277B6F092089EA8400CFB428 = {
						CreatedOnToolsVersion = 9.2;
						ProvisioningStyle = Automatic;
						TestTargetID = 277B6EEA2089EA8400CFB428;
					};
				};
			};
			buildConfigurationList = 277B6EE62089EA8400CFB428 /* Build configuration list for PBXProject "UserSampleApp" */;
			compatibilityVersion = "Xcode 8.0";
			developmentRegion = en;
			hasScannedForEncodings = 0;
			knownRegions = (
				en,
				Base,
			);
			mainGroup = 277B6EE22089EA8400CFB428;
			productRefGroup = 277B6EEC2089EA8400CFB428 /* Products */;
			projectDirPath = "";
			projectRoot = "";
			targets = (
				277B6EEA2089EA8400CFB428 /* UserSampleApp */,
				277B6EFE2089EA8400CFB428 /* UserSampleAppTests */,
				277B6F092089EA8400CFB428 /* UserSampleAppUITests */,
			);
		};
/* End PBXProject section */

/* Begin PBXResourcesBuildPhase section */
		277B6EE92089EA8400CFB428 /* Resources */ = {
			isa = PBXResourcesBuildPhase;
			buildActionMask = 2147483647;
			files = (
				277B6F3D208D9EA600CFB428 /* BookTripBottomView.xib in Resources */,
				274B5ABD20A0559800EFFBFD /* LocationPermissionViewController.xib in Resources */,
				277B6F1E2089EBEE00CFB428 /* Login.storyboard in Resources */,
				274B5AAD209B224500EFFBFD /* WorkSans-Regular.ttf in Resources */,
				274B5AAB209B224500EFFBFD /* WorkSans-Medium.ttf in Resources */,
				277B6EF92089EA8400CFB428 /* LaunchScreen.storyboard in Resources */,
				277B6F292089ECDB00CFB428 /* HomeViewController.xib in Resources */,
				277B6EF62089EA8400CFB428 /* Assets.xcassets in Resources */,
				277B6EF42089EA8400CFB428 /* Main.storyboard in Resources */,
				2770D3992095D1EF000517C1 /* DriverDetailView.xib in Resources */,
				274B5AAE209B224500EFFBFD /* WorkSans-Bold.ttf in Resources */,
				2770D39D2095DC23000517C1 /* TripSummaryView.xib in Resources */,
				274B5AAC209B224500EFFBFD /* WorkSans-SemiBold.ttf in Resources */,
			);
			runOnlyForDeploymentPostprocessing = 0;
		};
		277B6EFD2089EA8400CFB428 /* Resources */ = {
			isa = PBXResourcesBuildPhase;
			buildActionMask = 2147483647;
			files = (
			);
			runOnlyForDeploymentPostprocessing = 0;
		};
		277B6F082089EA8400CFB428 /* Resources */ = {
			isa = PBXResourcesBuildPhase;
			buildActionMask = 2147483647;
			files = (
			);
			runOnlyForDeploymentPostprocessing = 0;
		};
/* End PBXResourcesBuildPhase section */

/* Begin PBXShellScriptBuildPhase section */
		0038936BBEB5DE37B9447A23 /* [CP] Check Pods Manifest.lock */ = {
			isa = PBXShellScriptBuildPhase;
			buildActionMask = 2147483647;
			files = (
			);
			inputPaths = (
				"${PODS_PODFILE_DIR_PATH}/Podfile.lock",
				"${PODS_ROOT}/Manifest.lock",
			);
			name = "[CP] Check Pods Manifest.lock";
			outputPaths = (
				"$(DERIVED_FILE_DIR)/Pods-UserSampleApp-checkManifestLockResult.txt",
			);
			runOnlyForDeploymentPostprocessing = 0;
			shellPath = /bin/sh;
			shellScript = "diff \"${PODS_PODFILE_DIR_PATH}/Podfile.lock\" \"${PODS_ROOT}/Manifest.lock\" > /dev/null\nif [ $? != 0 ] ; then\n    # print error to STDERR\n    echo \"error: The sandbox is not in sync with the Podfile.lock. Run 'pod install' or update your CocoaPods installation.\" >&2\n    exit 1\nfi\n# This output is used by Xcode 'outputs' to avoid re-running this script phase.\necho \"SUCCESS\" > \"${SCRIPT_OUTPUT_FILE_0}\"\n";
			showEnvVarsInLog = 0;
		};
		4ED4E33391BCDE40EFD1215C /* [CP] Embed Pods Frameworks */ = {
			isa = PBXShellScriptBuildPhase;
			buildActionMask = 2147483647;
			files = (
			);
			inputPaths = (
				"${PODS_ROOT}/Target Support Files/Pods-UserSampleApp/Pods-UserSampleApp-frameworks.sh",
				"${BUILT_PRODUCTS_DIR}/Alamofire/Alamofire.framework",
				"${BUILT_PRODUCTS_DIR}/CocoaLumberjack/CocoaLumberjack.framework",
				"${BUILT_PRODUCTS_DIR}/GTMSessionFetcher/GTMSessionFetcher.framework",
				"${BUILT_PRODUCTS_DIR}/GoogleToolboxForMac/GoogleToolboxForMac.framework",
				"${BUILT_PRODUCTS_DIR}/GzipSwift/Gzip.framework",
				"${BUILT_PRODUCTS_DIR}/HyperTrack/HyperTrack.framework",
				"${BUILT_PRODUCTS_DIR}/MBProgressHUD/MBProgressHUD.framework",
				"${BUILT_PRODUCTS_DIR}/SQLite.swift/SQLite.framework",
				"${BUILT_PRODUCTS_DIR}/leveldb-library/leveldb.framework",
				"${BUILT_PRODUCTS_DIR}/nanopb/nanopb.framework",
			);
			name = "[CP] Embed Pods Frameworks";
			outputPaths = (
				"${TARGET_BUILD_DIR}/${FRAMEWORKS_FOLDER_PATH}/Alamofire.framework",
				"${TARGET_BUILD_DIR}/${FRAMEWORKS_FOLDER_PATH}/CocoaLumberjack.framework",
				"${TARGET_BUILD_DIR}/${FRAMEWORKS_FOLDER_PATH}/GTMSessionFetcher.framework",
				"${TARGET_BUILD_DIR}/${FRAMEWORKS_FOLDER_PATH}/GoogleToolboxForMac.framework",
				"${TARGET_BUILD_DIR}/${FRAMEWORKS_FOLDER_PATH}/Gzip.framework",
				"${TARGET_BUILD_DIR}/${FRAMEWORKS_FOLDER_PATH}/HyperTrack.framework",
				"${TARGET_BUILD_DIR}/${FRAMEWORKS_FOLDER_PATH}/MBProgressHUD.framework",
				"${TARGET_BUILD_DIR}/${FRAMEWORKS_FOLDER_PATH}/SQLite.framework",
				"${TARGET_BUILD_DIR}/${FRAMEWORKS_FOLDER_PATH}/leveldb.framework",
				"${TARGET_BUILD_DIR}/${FRAMEWORKS_FOLDER_PATH}/nanopb.framework",
			);
			runOnlyForDeploymentPostprocessing = 0;
			shellPath = /bin/sh;
			shellScript = "\"${PODS_ROOT}/Target Support Files/Pods-UserSampleApp/Pods-UserSampleApp-frameworks.sh\"\n";
			showEnvVarsInLog = 0;
		};
		C16171A94A1F31BFEFE34E7D /* [CP] Copy Pods Resources */ = {
			isa = PBXShellScriptBuildPhase;
			buildActionMask = 2147483647;
			files = (
			);
			inputPaths = (
				"${PODS_ROOT}/Target Support Files/Pods-UserSampleApp/Pods-UserSampleApp-resources.sh",
				"${PODS_CONFIGURATION_BUILD_DIR}/FirebaseUI/FirebaseAuthUI.bundle",
				"${PODS_CONFIGURATION_BUILD_DIR}/FirebaseUI/FirebasePhoneAuthUI.bundle",
			);
			name = "[CP] Copy Pods Resources";
			outputPaths = (
				"${TARGET_BUILD_DIR}/${UNLOCALIZED_RESOURCES_FOLDER_PATH}/FirebaseAuthUI.bundle",
				"${TARGET_BUILD_DIR}/${UNLOCALIZED_RESOURCES_FOLDER_PATH}/FirebasePhoneAuthUI.bundle",
			);
			runOnlyForDeploymentPostprocessing = 0;
			shellPath = /bin/sh;
			shellScript = "\"${PODS_ROOT}/Target Support Files/Pods-UserSampleApp/Pods-UserSampleApp-resources.sh\"\n";
			showEnvVarsInLog = 0;
		};
/* End PBXShellScriptBuildPhase section */

/* Begin PBXSourcesBuildPhase section */
		277B6EE72089EA8400CFB428 /* Sources */ = {
			isa = PBXSourcesBuildPhase;
			buildActionMask = 2147483647;
			files = (
				277B6F3B208D9E0200CFB428 /* Trip.swift in Sources */,
				277B6F282089ECDB00CFB428 /* HomeViewController.swift in Sources */,
				274B5ABC20A0559800EFFBFD /* LocationPermissionViewController.swift in Sources */,
				2770D3972095D1C7000517C1 /* DriverDetailView.swift in Sources */,
				27A87AC220986F7F002CA79C /* TripHelper.swift in Sources */,
				277B6F44208F0A4300CFB428 /* TripTrackingUseCaseHandler.swift in Sources */,
				27A87AC420987FDC002CA79C /* HomeViewController+HTExtension.swift in Sources */,
				277B6F322089FCE600CFB428 /* DataService.swift in Sources */,
				27A87ABE209743A3002CA79C /* UserDetailsViewController.swift in Sources */,
				277B6F212089EC2200CFB428 /* LoginViewController.swift in Sources */,
				2770D39C2095DC23000517C1 /* TripSummaryView.swift in Sources */,
				277B6F2E2089F96600CFB428 /* User.swift in Sources */,
				277B6F242089ECB000CFB428 /* File.swift in Sources */,
				277B6F39208D9D3B00CFB428 /* BookTripUseCase.swift in Sources */,
				277B6F352089FE4C00CFB428 /* ErrorHandler.swift in Sources */,
				277B6F41208D9EE500CFB428 /* BookTripBottomView.swift in Sources */,
				277B6EF12089EA8400CFB428 /* ViewController.swift in Sources */,
				277B6EEF2089EA8400CFB428 /* AppDelegate.swift in Sources */,
			);
			runOnlyForDeploymentPostprocessing = 0;
		};
		277B6EFB2089EA8400CFB428 /* Sources */ = {
			isa = PBXSourcesBuildPhase;
			buildActionMask = 2147483647;
			files = (
				277B6F042089EA8400CFB428 /* UserSampleAppTests.swift in Sources */,
			);
			runOnlyForDeploymentPostprocessing = 0;
		};
		277B6F062089EA8400CFB428 /* Sources */ = {
			isa = PBXSourcesBuildPhase;
			buildActionMask = 2147483647;
			files = (
				277B6F0F2089EA8400CFB428 /* UserSampleAppUITests.swift in Sources */,
			);
			runOnlyForDeploymentPostprocessing = 0;
		};
/* End PBXSourcesBuildPhase section */

/* Begin PBXTargetDependency section */
		277B6F012089EA8400CFB428 /* PBXTargetDependency */ = {
			isa = PBXTargetDependency;
			target = 277B6EEA2089EA8400CFB428 /* UserSampleApp */;
			targetProxy = 277B6F002089EA8400CFB428 /* PBXContainerItemProxy */;
		};
		277B6F0C2089EA8400CFB428 /* PBXTargetDependency */ = {
			isa = PBXTargetDependency;
			target = 277B6EEA2089EA8400CFB428 /* UserSampleApp */;
			targetProxy = 277B6F0B2089EA8400CFB428 /* PBXContainerItemProxy */;
		};
/* End PBXTargetDependency section */

/* Begin PBXVariantGroup section */
		277B6EF22089EA8400CFB428 /* Main.storyboard */ = {
			isa = PBXVariantGroup;
			children = (
				277B6EF32089EA8400CFB428 /* Base */,
			);
			name = Main.storyboard;
			sourceTree = "<group>";
		};
		277B6EF72089EA8400CFB428 /* LaunchScreen.storyboard */ = {
			isa = PBXVariantGroup;
			children = (
				277B6EF82089EA8400CFB428 /* Base */,
			);
			name = LaunchScreen.storyboard;
			sourceTree = "<group>";
		};
		277B6F1C2089EBEE00CFB428 /* Login.storyboard */ = {
			isa = PBXVariantGroup;
			children = (
				277B6F1D2089EBEE00CFB428 /* Base */,
			);
			name = Login.storyboard;
			sourceTree = "<group>";
		};
/* End PBXVariantGroup section */

/* Begin XCBuildConfiguration section */
		277B6F112089EA8400CFB428 /* Debug */ = {
			isa = XCBuildConfiguration;
			buildSettings = {
				ALWAYS_SEARCH_USER_PATHS = NO;
				CLANG_ANALYZER_NONNULL = YES;
				CLANG_ANALYZER_NUMBER_OBJECT_CONVERSION = YES_AGGRESSIVE;
				CLANG_CXX_LANGUAGE_STANDARD = "gnu++14";
				CLANG_CXX_LIBRARY = "libc++";
				CLANG_ENABLE_MODULES = YES;
				CLANG_ENABLE_OBJC_ARC = YES;
				CLANG_WARN_BLOCK_CAPTURE_AUTORELEASING = YES;
				CLANG_WARN_BOOL_CONVERSION = YES;
				CLANG_WARN_COMMA = YES;
				CLANG_WARN_CONSTANT_CONVERSION = YES;
				CLANG_WARN_DEPRECATED_OBJC_IMPLEMENTATIONS = YES;
				CLANG_WARN_DIRECT_OBJC_ISA_USAGE = YES_ERROR;
				CLANG_WARN_DOCUMENTATION_COMMENTS = YES;
				CLANG_WARN_EMPTY_BODY = YES;
				CLANG_WARN_ENUM_CONVERSION = YES;
				CLANG_WARN_INFINITE_RECURSION = YES;
				CLANG_WARN_INT_CONVERSION = YES;
				CLANG_WARN_NON_LITERAL_NULL_CONVERSION = YES;
				CLANG_WARN_OBJC_IMPLICIT_RETAIN_SELF = YES;
				CLANG_WARN_OBJC_LITERAL_CONVERSION = YES;
				CLANG_WARN_OBJC_ROOT_CLASS = YES_ERROR;
				CLANG_WARN_RANGE_LOOP_ANALYSIS = YES;
				CLANG_WARN_STRICT_PROTOTYPES = YES;
				CLANG_WARN_SUSPICIOUS_MOVE = YES;
				CLANG_WARN_UNGUARDED_AVAILABILITY = YES_AGGRESSIVE;
				CLANG_WARN_UNREACHABLE_CODE = YES;
				CLANG_WARN__DUPLICATE_METHOD_MATCH = YES;
				CODE_SIGN_IDENTITY = "iPhone Developer";
				COPY_PHASE_STRIP = NO;
				DEBUG_INFORMATION_FORMAT = dwarf;
				ENABLE_STRICT_OBJC_MSGSEND = YES;
				ENABLE_TESTABILITY = YES;
				GCC_C_LANGUAGE_STANDARD = gnu11;
				GCC_DYNAMIC_NO_PIC = NO;
				GCC_NO_COMMON_BLOCKS = YES;
				GCC_OPTIMIZATION_LEVEL = 0;
				GCC_PREPROCESSOR_DEFINITIONS = (
					"DEBUG=1",
					"$(inherited)",
				);
				GCC_WARN_64_TO_32_BIT_CONVERSION = YES;
				GCC_WARN_ABOUT_RETURN_TYPE = YES_ERROR;
				GCC_WARN_UNDECLARED_SELECTOR = YES;
				GCC_WARN_UNINITIALIZED_AUTOS = YES_AGGRESSIVE;
				GCC_WARN_UNUSED_FUNCTION = YES;
				GCC_WARN_UNUSED_VARIABLE = YES;
				IPHONEOS_DEPLOYMENT_TARGET = 10.0;
				MTL_ENABLE_DEBUG_INFO = YES;
				ONLY_ACTIVE_ARCH = YES;
				SDKROOT = iphoneos;
				SWIFT_ACTIVE_COMPILATION_CONDITIONS = DEBUG;
				SWIFT_OPTIMIZATION_LEVEL = "-Onone";
			};
			name = Debug;
		};
		277B6F122089EA8400CFB428 /* Release */ = {
			isa = XCBuildConfiguration;
			buildSettings = {
				ALWAYS_SEARCH_USER_PATHS = NO;
				CLANG_ANALYZER_NONNULL = YES;
				CLANG_ANALYZER_NUMBER_OBJECT_CONVERSION = YES_AGGRESSIVE;
				CLANG_CXX_LANGUAGE_STANDARD = "gnu++14";
				CLANG_CXX_LIBRARY = "libc++";
				CLANG_ENABLE_MODULES = YES;
				CLANG_ENABLE_OBJC_ARC = YES;
				CLANG_WARN_BLOCK_CAPTURE_AUTORELEASING = YES;
				CLANG_WARN_BOOL_CONVERSION = YES;
				CLANG_WARN_COMMA = YES;
				CLANG_WARN_CONSTANT_CONVERSION = YES;
				CLANG_WARN_DEPRECATED_OBJC_IMPLEMENTATIONS = YES;
				CLANG_WARN_DIRECT_OBJC_ISA_USAGE = YES_ERROR;
				CLANG_WARN_DOCUMENTATION_COMMENTS = YES;
				CLANG_WARN_EMPTY_BODY = YES;
				CLANG_WARN_ENUM_CONVERSION = YES;
				CLANG_WARN_INFINITE_RECURSION = YES;
				CLANG_WARN_INT_CONVERSION = YES;
				CLANG_WARN_NON_LITERAL_NULL_CONVERSION = YES;
				CLANG_WARN_OBJC_IMPLICIT_RETAIN_SELF = YES;
				CLANG_WARN_OBJC_LITERAL_CONVERSION = YES;
				CLANG_WARN_OBJC_ROOT_CLASS = YES_ERROR;
				CLANG_WARN_RANGE_LOOP_ANALYSIS = YES;
				CLANG_WARN_STRICT_PROTOTYPES = YES;
				CLANG_WARN_SUSPICIOUS_MOVE = YES;
				CLANG_WARN_UNGUARDED_AVAILABILITY = YES_AGGRESSIVE;
				CLANG_WARN_UNREACHABLE_CODE = YES;
				CLANG_WARN__DUPLICATE_METHOD_MATCH = YES;
				CODE_SIGN_IDENTITY = "iPhone Developer";
				COPY_PHASE_STRIP = NO;
				DEBUG_INFORMATION_FORMAT = "dwarf-with-dsym";
				ENABLE_NS_ASSERTIONS = NO;
				ENABLE_STRICT_OBJC_MSGSEND = YES;
				GCC_C_LANGUAGE_STANDARD = gnu11;
				GCC_NO_COMMON_BLOCKS = YES;
				GCC_WARN_64_TO_32_BIT_CONVERSION = YES;
				GCC_WARN_ABOUT_RETURN_TYPE = YES_ERROR;
				GCC_WARN_UNDECLARED_SELECTOR = YES;
				GCC_WARN_UNINITIALIZED_AUTOS = YES_AGGRESSIVE;
				GCC_WARN_UNUSED_FUNCTION = YES;
				GCC_WARN_UNUSED_VARIABLE = YES;
				IPHONEOS_DEPLOYMENT_TARGET = 10.0;
				MTL_ENABLE_DEBUG_INFO = NO;
				SDKROOT = iphoneos;
				SWIFT_OPTIMIZATION_LEVEL = "-Owholemodule";
				VALIDATE_PRODUCT = YES;
			};
			name = Release;
		};
		277B6F142089EA8400CFB428 /* Debug */ = {
			isa = XCBuildConfiguration;
			baseConfigurationReference = 09913CB9BE8B9C51ADD3FD90 /* Pods-UserSampleApp.debug.xcconfig */;
			buildSettings = {
				ASSETCATALOG_COMPILER_APPICON_NAME = AppIcon;
				CODE_SIGN_ENTITLEMENTS = UserSampleApp/UserSampleApp.entitlements;
				CODE_SIGN_STYLE = Automatic;
				DEVELOPMENT_TEAM = H4925W78YQ;
				INFOPLIST_FILE = UserSampleApp/Info.plist;
				IPHONEOS_DEPLOYMENT_TARGET = 10.0;
				LD_RUNPATH_SEARCH_PATHS = "$(inherited) @executable_path/Frameworks";
				PRODUCT_BUNDLE_IDENTIFIER = "com.hypertrack.uber-consumer";
				PRODUCT_NAME = "$(TARGET_NAME)";
				SWIFT_VERSION = 3.0;
				TARGETED_DEVICE_FAMILY = 1;
			};
			name = Debug;
		};
		277B6F152089EA8400CFB428 /* Release */ = {
			isa = XCBuildConfiguration;
			baseConfigurationReference = BC961FC12F94C76770F29B29 /* Pods-UserSampleApp.release.xcconfig */;
			buildSettings = {
				ASSETCATALOG_COMPILER_APPICON_NAME = AppIcon;
				CODE_SIGN_ENTITLEMENTS = UserSampleApp/UserSampleApp.entitlements;
				CODE_SIGN_STYLE = Automatic;
				DEVELOPMENT_TEAM = H4925W78YQ;
				INFOPLIST_FILE = UserSampleApp/Info.plist;
				IPHONEOS_DEPLOYMENT_TARGET = 10.0;
				LD_RUNPATH_SEARCH_PATHS = "$(inherited) @executable_path/Frameworks";
				PRODUCT_BUNDLE_IDENTIFIER = "com.hypertrack.uber-consumer";
				PRODUCT_NAME = "$(TARGET_NAME)";
				SWIFT_VERSION = 3.0;
				TARGETED_DEVICE_FAMILY = 1;
			};
			name = Release;
		};
		277B6F172089EA8400CFB428 /* Debug */ = {
			isa = XCBuildConfiguration;
			buildSettings = {
				ALWAYS_EMBED_SWIFT_STANDARD_LIBRARIES = YES;
				BUNDLE_LOADER = "$(TEST_HOST)";
				CODE_SIGN_STYLE = Automatic;
				DEVELOPMENT_TEAM = H4925W78YQ;
				INFOPLIST_FILE = UserSampleAppTests/Info.plist;
				LD_RUNPATH_SEARCH_PATHS = "$(inherited) @executable_path/Frameworks @loader_path/Frameworks";
				PRODUCT_BUNDLE_IDENTIFIER = com.hypertrack.UserSampleAppTests;
				PRODUCT_NAME = "$(TARGET_NAME)";
				SWIFT_VERSION = 4.0;
				TARGETED_DEVICE_FAMILY = "1,2";
				TEST_HOST = "$(BUILT_PRODUCTS_DIR)/UserSampleApp.app/UserSampleApp";
			};
			name = Debug;
		};
		277B6F182089EA8400CFB428 /* Release */ = {
			isa = XCBuildConfiguration;
			buildSettings = {
				ALWAYS_EMBED_SWIFT_STANDARD_LIBRARIES = YES;
				BUNDLE_LOADER = "$(TEST_HOST)";
				CODE_SIGN_STYLE = Automatic;
				DEVELOPMENT_TEAM = H4925W78YQ;
				INFOPLIST_FILE = UserSampleAppTests/Info.plist;
				LD_RUNPATH_SEARCH_PATHS = "$(inherited) @executable_path/Frameworks @loader_path/Frameworks";
				PRODUCT_BUNDLE_IDENTIFIER = com.hypertrack.UserSampleAppTests;
				PRODUCT_NAME = "$(TARGET_NAME)";
				SWIFT_VERSION = 4.0;
				TARGETED_DEVICE_FAMILY = "1,2";
				TEST_HOST = "$(BUILT_PRODUCTS_DIR)/UserSampleApp.app/UserSampleApp";
			};
			name = Release;
		};
		277B6F1A2089EA8400CFB428 /* Debug */ = {
			isa = XCBuildConfiguration;
			buildSettings = {
				ALWAYS_EMBED_SWIFT_STANDARD_LIBRARIES = YES;
				CODE_SIGN_STYLE = Automatic;
				DEVELOPMENT_TEAM = H4925W78YQ;
				INFOPLIST_FILE = UserSampleAppUITests/Info.plist;
				LD_RUNPATH_SEARCH_PATHS = "$(inherited) @executable_path/Frameworks @loader_path/Frameworks";
				PRODUCT_BUNDLE_IDENTIFIER = com.hypertrack.UserSampleAppUITests;
				PRODUCT_NAME = "$(TARGET_NAME)";
				SWIFT_VERSION = 4.0;
				TARGETED_DEVICE_FAMILY = "1,2";
				TEST_TARGET_NAME = UserSampleApp;
			};
			name = Debug;
		};
		277B6F1B2089EA8400CFB428 /* Release */ = {
			isa = XCBuildConfiguration;
			buildSettings = {
				ALWAYS_EMBED_SWIFT_STANDARD_LIBRARIES = YES;
				CODE_SIGN_STYLE = Automatic;
				DEVELOPMENT_TEAM = H4925W78YQ;
				INFOPLIST_FILE = UserSampleAppUITests/Info.plist;
				LD_RUNPATH_SEARCH_PATHS = "$(inherited) @executable_path/Frameworks @loader_path/Frameworks";
				PRODUCT_BUNDLE_IDENTIFIER = com.hypertrack.UserSampleAppUITests;
				PRODUCT_NAME = "$(TARGET_NAME)";
				SWIFT_VERSION = 4.0;
				TARGETED_DEVICE_FAMILY = "1,2";
				TEST_TARGET_NAME = UserSampleApp;
			};
			name = Release;
		};
/* End XCBuildConfiguration section */

/* Begin XCConfigurationList section */
		277B6EE62089EA8400CFB428 /* Build configuration list for PBXProject "UserSampleApp" */ = {
			isa = XCConfigurationList;
			buildConfigurations = (
				277B6F112089EA8400CFB428 /* Debug */,
				277B6F122089EA8400CFB428 /* Release */,
			);
			defaultConfigurationIsVisible = 0;
			defaultConfigurationName = Release;
		};
		277B6F132089EA8400CFB428 /* Build configuration list for PBXNativeTarget "UserSampleApp" */ = {
			isa = XCConfigurationList;
			buildConfigurations = (
				277B6F142089EA8400CFB428 /* Debug */,
				277B6F152089EA8400CFB428 /* Release */,
			);
			defaultConfigurationIsVisible = 0;
			defaultConfigurationName = Release;
		};
		277B6F162089EA8400CFB428 /* Build configuration list for PBXNativeTarget "UserSampleAppTests" */ = {
			isa = XCConfigurationList;
			buildConfigurations = (
				277B6F172089EA8400CFB428 /* Debug */,
				277B6F182089EA8400CFB428 /* Release */,
			);
			defaultConfigurationIsVisible = 0;
			defaultConfigurationName = Release;
		};
		277B6F192089EA8400CFB428 /* Build configuration list for PBXNativeTarget "UserSampleAppUITests" */ = {
			isa = XCConfigurationList;
			buildConfigurations = (
				277B6F1A2089EA8400CFB428 /* Debug */,
				277B6F1B2089EA8400CFB428 /* Release */,
			);
			defaultConfigurationIsVisible = 0;
			defaultConfigurationName = Release;
		};
/* End XCConfigurationList section */
	};
	rootObject = 277B6EE32089EA8400CFB428 /* Project object */;
}
